
Microsoft Visual Studio Solution File, Format Version 12.00
# Visual Studio Version 16
VisualStudioVersion = 16.0.30011.22
MinimumVisualStudioVersion = 10.0.40219.1
Project("{FAE04EC0-301F-11D3-BF4B-00C04F79EFBC}") = "EPAMAutoLab2", "EPAMAutoLab2.csproj", "{6DC9EB11-942E-413F-A336-20B91D9C468E}"
EndProject
Global
	GlobalSection(SolutionConfigurationPlatforms) = preSolution
		Debug|Any CPU = Debug|Any CPU
		Release|Any CPU = Release|Any CPU
	EndGlobalSection
	GlobalSection(ProjectConfigurationPlatforms) = postSolution
		{6DC9EB11-942E-413F-A336-20B91D9C468E}.Debug|Any CPU.ActiveCfg = Debug|Any CPU
		{6DC9EB11-942E-413F-A336-20B91D9C468E}.Debug|Any CPU.Build.0 = Debug|Any CPU
		{6DC9EB11-942E-413F-A336-20B91D9C468E}.Release|Any CPU.ActiveCfg = Release|Any CPU
		{6DC9EB11-942E-413F-A336-20B91D9C468E}.Release|Any CPU.Build.0 = Release|Any CPU
	EndGlobalSection
	GlobalSection(SolutionProperties) = preSolution
		HideSolutionNode = FALSE
	EndGlobalSection
	GlobalSection(ExtensibilityGlobals) = postSolution
		SolutionGuid = {0130C88E-DD17-48EE-A9D8-B516961E5701}
	EndGlobalSection
EndGlobal
